
Microsoft Visual Studio Solution File, Format Version 12.00
# Visual Studio Version 17
VisualStudioVersion = 17.9.34714.143
MinimumVisualStudioVersion = 10.0.40219.1
Project("{FAE04EC0-301F-11D3-BF4B-00C04F79EFBC}") = "SendNotificationToClient", "SendNotificationToClient.csproj", "{5EF7C0FB-2A23-4CF6-8EB3-228A1305CCA4}"
EndProject
Global
	GlobalSection(SolutionConfigurationPlatforms) = preSolution
		Debug|Any CPU = Debug|Any CPU
		Release|Any CPU = Release|Any CPU
	EndGlobalSection
	GlobalSection(ProjectConfigurationPlatforms) = postSolution
		{5EF7C0FB-2A23-4CF6-8EB3-228A1305CCA4}.Debug|Any CPU.ActiveCfg = Debug|Any CPU
		{5EF7C0FB-2A23-4CF6-8EB3-228A1305CCA4}.Debug|Any CPU.Build.0 = Debug|Any CPU
		{5EF7C0FB-2A23-4CF6-8EB3-228A1305CCA4}.Release|Any CPU.ActiveCfg = Release|Any CPU
		{5EF7C0FB-2A23-4CF6-8EB3-228A1305CCA4}.Release|Any CPU.Build.0 = Release|Any CPU
	EndGlobalSection
	GlobalSection(SolutionProperties) = preSolution
		HideSolutionNode = FALSE
	EndGlobalSection
	GlobalSection(ExtensibilityGlobals) = postSolution
		SolutionGuid = {053AD7FE-6ADA-4B13-95BD-BA0385F70578}
	EndGlobalSection
EndGlobal
